
Microsoft Visual Studio Solution File, Format Version 12.00
# Visual Studio Version 16
VisualStudioVersion = 16.0.30804.86
MinimumVisualStudioVersion = 10.0.40219.1
Project("{FAE04EC0-301F-11D3-BF4B-00C04F79EFBC}") = "DibujarFormularioTarea1", "DibujarFormularioTarea1.csproj", "{BF5F0A91-06EF-480E-B9A3-13A5B0D5A3F7}"
EndProject
Global
	GlobalSection(SolutionConfigurationPlatforms) = preSolution
		Debug|Any CPU = Debug|Any CPU
		Release|Any CPU = Release|Any CPU
	EndGlobalSection
	GlobalSection(ProjectConfigurationPlatforms) = postSolution
		{BF5F0A91-06EF-480E-B9A3-13A5B0D5A3F7}.Debug|Any CPU.ActiveCfg = Debug|Any CPU
		{BF5F0A91-06EF-480E-B9A3-13A5B0D5A3F7}.Debug|Any CPU.Build.0 = Debug|Any CPU
		{BF5F0A91-06EF-480E-B9A3-13A5B0D5A3F7}.Release|Any CPU.ActiveCfg = Release|Any CPU
		{BF5F0A91-06EF-480E-B9A3-13A5B0D5A3F7}.Release|Any CPU.Build.0 = Release|Any CPU
	EndGlobalSection
	GlobalSection(SolutionProperties) = preSolution
		HideSolutionNode = FALSE
	EndGlobalSection
	GlobalSection(ExtensibilityGlobals) = postSolution
		SolutionGuid = {240DF9C2-C4DF-4770-8781-95F1D51BD4F4}
	EndGlobalSection
EndGlobal
